
Microsoft Visual Studio Solution File, Format Version 12.00
# Visual Studio Version 17
VisualStudioVersion = 17.5.33414.496
MinimumVisualStudioVersion = 10.0.40219.1
Project("{9A19103F-16F7-4668-BE54-9A1E7A4F7556}") = "JobApplicationLibrary", "JobApplicationLibrary\JobApplicationLibrary.csproj", "{FCE31EFD-28B2-40E0-ADE2-51D816085674}"
EndProject
Project("{FAE04EC0-301F-11D3-BF4B-00C04F79EFBC}") = "JobApplicationUnitTest", "JobApplication.UnitTest\JobApplicationUnitTest.csproj", "{7C813223-75DB-465C-B782-B41644C38F69}"
EndProject
Global
	GlobalSection(SolutionConfigurationPlatforms) = preSolution
		Debug|Any CPU = Debug|Any CPU
		Release|Any CPU = Release|Any CPU
	EndGlobalSection
	GlobalSection(ProjectConfigurationPlatforms) = postSolution
		{FCE31EFD-28B2-40E0-ADE2-51D816085674}.Debug|Any CPU.ActiveCfg = Debug|Any CPU
		{FCE31EFD-28B2-40E0-ADE2-51D816085674}.Debug|Any CPU.Build.0 = Debug|Any CPU
		{FCE31EFD-28B2-40E0-ADE2-51D816085674}.Release|Any CPU.ActiveCfg = Release|Any CPU
		{FCE31EFD-28B2-40E0-ADE2-51D816085674}.Release|Any CPU.Build.0 = Release|Any CPU
		{7C813223-75DB-465C-B782-B41644C38F69}.Debug|Any CPU.ActiveCfg = Debug|Any CPU
		{7C813223-75DB-465C-B782-B41644C38F69}.Debug|Any CPU.Build.0 = Debug|Any CPU
		{7C813223-75DB-465C-B782-B41644C38F69}.Release|Any CPU.ActiveCfg = Release|Any CPU
		{7C813223-75DB-465C-B782-B41644C38F69}.Release|Any CPU.Build.0 = Release|Any CPU
	EndGlobalSection
	GlobalSection(SolutionProperties) = preSolution
		HideSolutionNode = FALSE
	EndGlobalSection
	GlobalSection(ExtensibilityGlobals) = postSolution
		SolutionGuid = {D63314BA-1CDC-4323-BFC1-F9E212D23699}
	EndGlobalSection
EndGlobal
